
Microsoft Visual Studio Solution File, Format Version 12.00
# Visual Studio Version 17
VisualStudioVersion = 17.5.33502.453
MinimumVisualStudioVersion = 10.0.40219.1
Project("{FAE04EC0-301F-11D3-BF4B-00C04F79EFBC}") = "ShoppingAssistant.Api", "ShoppingAssistant.Api\ShoppingAssistant.Api.csproj", "{9402314E-71F4-4ACC-8338-14E75F789626}"
EndProject
Global
	GlobalSection(SolutionConfigurationPlatforms) = preSolution
		Debug|Any CPU = Debug|Any CPU
		Release|Any CPU = Release|Any CPU
	EndGlobalSection
	GlobalSection(ProjectConfigurationPlatforms) = postSolution
		{9402314E-71F4-4ACC-8338-14E75F789626}.Debug|Any CPU.ActiveCfg = Debug|Any CPU
		{9402314E-71F4-4ACC-8338-14E75F789626}.Debug|Any CPU.Build.0 = Debug|Any CPU
		{9402314E-71F4-4ACC-8338-14E75F789626}.Release|Any CPU.ActiveCfg = Release|Any CPU
		{9402314E-71F4-4ACC-8338-14E75F789626}.Release|Any CPU.Build.0 = Release|Any CPU
	EndGlobalSection
	GlobalSection(SolutionProperties) = preSolution
		HideSolutionNode = FALSE
	EndGlobalSection
	GlobalSection(ExtensibilityGlobals) = postSolution
		SolutionGuid = {CBAD8BDB-BA4A-45DE-8DD8-6687927F0189}
	EndGlobalSection
EndGlobal
